
Microsoft Visual Studio Solution File, Format Version 12.00
# Visual Studio Version 17
VisualStudioVersion = 17.14.36429.23 d17.14
MinimumVisualStudioVersion = 10.0.40219.1
Project("{FAE04EC0-301F-11D3-BF4B-00C04F79EFBC}") = "lab8 interface", "lab8 interface\lab8 interface.csproj", "{27E0F9C0-129B-49F3-8D79-9C0DE9EB6755}"
EndProject
Global
	GlobalSection(SolutionConfigurationPlatforms) = preSolution
		Debug|Any CPU = Debug|Any CPU
		Release|Any CPU = Release|Any CPU
	EndGlobalSection
	GlobalSection(ProjectConfigurationPlatforms) = postSolution
		{27E0F9C0-129B-49F3-8D79-9C0DE9EB6755}.Debug|Any CPU.ActiveCfg = Debug|Any CPU
		{27E0F9C0-129B-49F3-8D79-9C0DE9EB6755}.Debug|Any CPU.Build.0 = Debug|Any CPU
		{27E0F9C0-129B-49F3-8D79-9C0DE9EB6755}.Release|Any CPU.ActiveCfg = Release|Any CPU
		{27E0F9C0-129B-49F3-8D79-9C0DE9EB6755}.Release|Any CPU.Build.0 = Release|Any CPU
	EndGlobalSection
	GlobalSection(SolutionProperties) = preSolution
		HideSolutionNode = FALSE
	EndGlobalSection
	GlobalSection(ExtensibilityGlobals) = postSolution
		SolutionGuid = {551D4C23-47E1-4D95-8048-C14DC196296D}
	EndGlobalSection
EndGlobal
